
Microsoft Visual Studio Solution File, Format Version 12.00
# Visual Studio Version 16
VisualStudioVersion = 16.0.31410.357
MinimumVisualStudioVersion = 10.0.40219.1
Project("{FAE04EC0-301F-11D3-BF4B-00C04F79EFBC}") = "PasswordGenerator", "PasswordGenerator\PasswordGenerator.csproj", "{EFC12147-7E08-4E0D-96FD-F5A6CA92215A}"
EndProject
Global
	GlobalSection(SolutionConfigurationPlatforms) = preSolution
		Debug|Any CPU = Debug|Any CPU
		Release|Any CPU = Release|Any CPU
	EndGlobalSection
	GlobalSection(ProjectConfigurationPlatforms) = postSolution
		{EFC12147-7E08-4E0D-96FD-F5A6CA92215A}.Debug|Any CPU.ActiveCfg = Debug|Any CPU
		{EFC12147-7E08-4E0D-96FD-F5A6CA92215A}.Debug|Any CPU.Build.0 = Debug|Any CPU
		{EFC12147-7E08-4E0D-96FD-F5A6CA92215A}.Release|Any CPU.ActiveCfg = Release|Any CPU
		{EFC12147-7E08-4E0D-96FD-F5A6CA92215A}.Release|Any CPU.Build.0 = Release|Any CPU
	EndGlobalSection
	GlobalSection(SolutionProperties) = preSolution
		HideSolutionNode = FALSE
	EndGlobalSection
	GlobalSection(ExtensibilityGlobals) = postSolution
		SolutionGuid = {FEE3F1B8-8418-4544-BF94-34F2C27FE1A6}
	EndGlobalSection
EndGlobal
